schema: '2.0'
stages:
  data_ingestion:
    cmd: python main.py data_ingestion
    deps:
    - path: src/components/data_ingestion.py
      hash: md5
      md5: ad47e40f824fd96803a41cf66ccaa933
      size: 4121
    - path: src/configuration/mongodb_connection.py
      hash: md5
      md5: 946d9595a7dafde24184ffc3725ca9b2
      size: 2403
    - path: src/data_access/mongodb_data.py
      hash: md5
      md5: f29992beb3cd464b0f1001e8d2e4ab3b
      size: 1542
    params:
      params.yaml:
        data_ingestion.random_state: 42
        data_ingestion.train_test_split_ratio: 0.25
    outs:
    - path: artifacts/data_ingestion/feature_store/raw_data.csv
      hash: md5
      md5: 2667de8f18ba87b9ec22857756b7337c
      size: 28403425
    - path: artifacts/data_ingestion/ingested/test.csv
      hash: md5
      md5: 4558907f618a1d83f4f75c689f611b16
      size: 7100563
    - path: artifacts/data_ingestion/ingested/train.csv
      hash: md5
      md5: a024e7f88fe2beaee673064ed1c27428
      size: 21303004
  data_validation:
    cmd: python main.py data_validation
    deps:
    - path: src/components/data_ingestion.py
      hash: md5
      md5: ad47e40f824fd96803a41cf66ccaa933
      size: 4121
    - path: src/components/data_validation.py
      hash: md5
      md5: e5bbd8cb7cf8118c0bfd06a33c3d2049
      size: 5983
    outs:
    - path: artifacts/data_validation/validation_report.json
      hash: md5
      md5: 6f25d5723ae6d95d2bf541b93eed1637
      size: 52
  data_transformation:
    cmd: python main.py data_transformation
    deps:
    - path: src/components/data_ingestion.py
      hash: md5
      md5: ad47e40f824fd96803a41cf66ccaa933
      size: 4121
    - path: src/components/data_transformation.py
      hash: md5
      md5: c447e01ad84596dc1bf057dbb9bd6f6c
      size: 8646
    - path: src/components/data_validation.py
      hash: md5
      md5: e5bbd8cb7cf8118c0bfd06a33c3d2049
      size: 5983
    outs:
    - path: 
        artifacts/data_transformation/transformation_objects/preprocessing.pkl
      hash: md5
      md5: a7a628b7730636ed932cf86ecc68717c
      size: 2301
    - path: artifacts/data_transformation/transformed_data/test.npy
      hash: md5
      md5: 86164d771c8b76169a31148d8bbc1893
      size: 9146816
    - path: artifacts/data_transformation/transformed_data/train.npy
      hash: md5
      md5: bdbdc4e997fcc9f64f63a38e4a95089f
      size: 35903744
  model_trainer:
    cmd: python main.py model_trainer
    deps:
    - path: src/components/data_ingestion.py
      hash: md5
      md5: ad47e40f824fd96803a41cf66ccaa933
      size: 4121
    - path: src/components/data_transformation.py
      hash: md5
      md5: c447e01ad84596dc1bf057dbb9bd6f6c
      size: 8646
    - path: src/components/data_validation.py
      hash: md5
      md5: e5bbd8cb7cf8118c0bfd06a33c3d2049
      size: 5983
    - path: src/components/model_trainer.py
      hash: md5
      md5: 68d74630d6c2ee06f75cd5e93c8cb428
      size: 4693
    params:
      params.yaml:
        model_trainer.expected_score: 0.6
        model_trainer.model_params:
          n_estimators: 200
          min_samples_split: 7
          min_samples_leaf: 6
          max_depth: 10
          criterion: entropy
          random_state: 42
    outs:
    - path: artifacts/model_trainer/trained_model/model.pkl
      hash: md5
      md5: 216dfe13fc909baebb27f6297fadc9cc
      size: 9387131
  model_evaluation:
    cmd: python main.py model_evaluation
    deps:
    - path: src/components/data_ingestion.py
      hash: md5
      md5: ad47e40f824fd96803a41cf66ccaa933
      size: 4121
    - path: src/components/data_transformation.py
      hash: md5
      md5: c447e01ad84596dc1bf057dbb9bd6f6c
      size: 8646
    - path: src/components/data_validation.py
      hash: md5
      md5: e5bbd8cb7cf8118c0bfd06a33c3d2049
      size: 5983
    - path: src/components/model_evaluation.py
      hash: md5
      md5: 3f4170c7e6dbf0ca89edac2809c384e0
      size: 6768
    - path: src/components/model_trainer.py
      hash: md5
      md5: 68d74630d6c2ee06f75cd5e93c8cb428
      size: 4693
    params:
      params.yaml:
        model_evaluation.changed_threshold_score: 0.021
    outs:
    - path: artifacts/model_evaluation/model_evaluation_report.pkl
      hash: md5
      md5: 82c4c6debd58d9c5172a576fedeef86d
      size: 225
